
Microsoft Visual Studio Solution File, Format Version 12.00
# Visual Studio Version 17
VisualStudioVersion = 17.9.34714.143
MinimumVisualStudioVersion = 10.0.40219.1
Project("{FAE04EC0-301F-11D3-BF4B-00C04F79EFBC}") = "xAPITest", "xAPITest\xAPITest.csproj", "{3F0B8C9E-EBFD-4A27-8080-D60418449217}"
EndProject
Project("{FAE04EC0-301F-11D3-BF4B-00C04F79EFBC}") = "SyncAPIConnect", "SyncAPIConnector\SyncAPIConnect.csproj", "{E6BC484B-A042-4CA6-9079-E91136D92207}"
EndProject
Project("{2150E333-8FDC-42A3-9474-1A3956D46DE8}") = "ci", "ci", "{2D6B372D-4BBE-456D-B399-D07957698056}"
	ProjectSection(SolutionItems) = preProject
		..\.github\workflows\build.yml = ..\.github\workflows\build.yml
		..\.github\workflows\lint-code.yml = ..\.github\workflows\lint-code.yml
		..\.github\workflows\release.yml = ..\.github\workflows\release.yml
	EndProjectSection
EndProject
Global
	GlobalSection(SolutionConfigurationPlatforms) = preSolution
		Debug|Any CPU = Debug|Any CPU
		Release|Any CPU = Release|Any CPU
	EndGlobalSection
	GlobalSection(ProjectConfigurationPlatforms) = postSolution
		{3F0B8C9E-EBFD-4A27-8080-D60418449217}.Debug|Any CPU.ActiveCfg = Debug|Any CPU
		{3F0B8C9E-EBFD-4A27-8080-D60418449217}.Debug|Any CPU.Build.0 = Debug|Any CPU
		{3F0B8C9E-EBFD-4A27-8080-D60418449217}.Release|Any CPU.ActiveCfg = Release|Any CPU
		{3F0B8C9E-EBFD-4A27-8080-D60418449217}.Release|Any CPU.Build.0 = Release|Any CPU
		{E6BC484B-A042-4CA6-9079-E91136D92207}.Debug|Any CPU.ActiveCfg = Debug|Any CPU
		{E6BC484B-A042-4CA6-9079-E91136D92207}.Debug|Any CPU.Build.0 = Debug|Any CPU
		{E6BC484B-A042-4CA6-9079-E91136D92207}.Release|Any CPU.ActiveCfg = Release|Any CPU
		{E6BC484B-A042-4CA6-9079-E91136D92207}.Release|Any CPU.Build.0 = Release|Any CPU
	EndGlobalSection
	GlobalSection(SolutionProperties) = preSolution
		HideSolutionNode = FALSE
	EndGlobalSection
	GlobalSection(ExtensibilityGlobals) = postSolution
		SolutionGuid = {DCBF53F7-BA38-49D4-A679-3424CC0A4664}
	EndGlobalSection
EndGlobal
