
Microsoft Visual Studio Solution File, Format Version 12.00
# Visual Studio Version 17
VisualStudioVersion = 17.9.34714.143
MinimumVisualStudioVersion = 10.0.40219.1
Project("{2150E333-8FDC-42A3-9474-1A3956D46DE8}") = "ci", "ci", "{2D6B372D-4BBE-456D-B399-D07957698056}"
	ProjectSection(SolutionItems) = preProject
		..\.github\workflows\build.yml = ..\.github\workflows\build.yml
		..\.github\workflows\lint-code.yml = ..\.github\workflows\lint-code.yml
		..\.github\workflows\publish.yml = ..\.github\workflows\publish.yml
		..\.github\workflows\release.yml = ..\.github\workflows\release.yml
	EndProjectSection
EndProject
Project("{2150E333-8FDC-42A3-9474-1A3956D46DE8}") = "doc", "doc", "{825AB07F-13FE-4EB2-A216-2D69D60710C8}"
	ProjectSection(SolutionItems) = preProject
		..\readme.md = ..\readme.md
	EndProjectSection
EndProject
Project("{2150E333-8FDC-42A3-9474-1A3956D46DE8}") = "configs", "configs", "{CACC852B-E3CC-4663-99D3-2E5A19D04F45}"
	ProjectSection(SolutionItems) = preProject
		..\.github\dependabot.yml = ..\.github\dependabot.yml
	EndProjectSection
EndProject
Project("{9A19103F-16F7-4668-BE54-9A1E7A4F7556}") = "Xtb.XApiClient.SystemTests", "SystemTests\Xtb.XApiClient.SystemTests.csproj", "{82751AFF-1738-409A-A6EF-BFE2E3ABDA9E}"
EndProject
Project("{9A19103F-16F7-4668-BE54-9A1E7A4F7556}") = "Xtb.XApi.Simulation", "Simulator\Xtb.XApi.Simulation.csproj", "{38D603CB-4AA0-4E6C-8517-966B67F58566}"
Project("{9A19103F-16F7-4668-BE54-9A1E7A4F7556}") = "Xtb.XApi.Extensions.DependencyInjection", "Extensions.DependencyInjection\Xtb.XApi.Extensions.DependencyInjection.csproj", "{9C29601D-CF3D-4850-9349-BD975FE99667}"
EndProject
Project("{2150E333-8FDC-42A3-9474-1A3956D46DE8}") = "templates", "templates", "{12D2B3B2-9C30-4008-B796-830E969219BE}"
	ProjectSection(SolutionItems) = preProject
		..\.github\ISSUE_TEMPLATE\bug_report.md = ..\.github\ISSUE_TEMPLATE\bug_report.md
		..\.github\ISSUE_TEMPLATE\feature_request.md = ..\.github\ISSUE_TEMPLATE\feature_request.md
	EndProjectSection
EndProject
Project("{2150E333-8FDC-42A3-9474-1A3956D46DE8}") = "Solution Items", "Solution Items", "{FE1EB340-7985-4CA1-99F6-28AFD6A1A3CF}"
	ProjectSection(SolutionItems) = preProject
		.editorconfig = .editorconfig
		..\.gitattributes = ..\.gitattributes
		..\.gitignore = ..\.gitignore
		..\LICENSE = ..\LICENSE
	EndProjectSection
EndProject
Project("{FAE04EC0-301F-11D3-BF4B-00C04F79EFBC}") = "Xtb.XApiClient", "XApiClient\Xtb.XApiClient.csproj", "{3F050248-20A0-461E-80F1-E5FB186DE0C9}"
EndProject
Project("{FAE04EC0-301F-11D3-BF4B-00C04F79EFBC}") = "Xtb.XApiClient.UnitTests", "UnitTests\Xtb.XApiClient.UnitTests.csproj", "{8FE887B9-92DD-4F0C-A9D1-098119704591}"
Project("{9A19103F-16F7-4668-BE54-9A1E7A4F7556}") = "Xtb.XApi.Examples", "Examples\Xtb.XApi.Examples.csproj", "{7D1382E8-AA25-4868-928A-8623515D93BD}"
EndProject
Global
	GlobalSection(SolutionConfigurationPlatforms) = preSolution
		Debug|Any CPU = Debug|Any CPU
		Release|Any CPU = Release|Any CPU
	EndGlobalSection
	GlobalSection(ProjectConfigurationPlatforms) = postSolution
		{82751AFF-1738-409A-A6EF-BFE2E3ABDA9E}.Debug|Any CPU.ActiveCfg = Debug|Any CPU
		{82751AFF-1738-409A-A6EF-BFE2E3ABDA9E}.Debug|Any CPU.Build.0 = Debug|Any CPU
		{82751AFF-1738-409A-A6EF-BFE2E3ABDA9E}.Release|Any CPU.ActiveCfg = Release|Any CPU
		{82751AFF-1738-409A-A6EF-BFE2E3ABDA9E}.Release|Any CPU.Build.0 = Release|Any CPU
		{3F050248-20A0-461E-80F1-E5FB186DE0C9}.Debug|Any CPU.ActiveCfg = Debug|Any CPU
		{3F050248-20A0-461E-80F1-E5FB186DE0C9}.Debug|Any CPU.Build.0 = Debug|Any CPU
		{3F050248-20A0-461E-80F1-E5FB186DE0C9}.Release|Any CPU.ActiveCfg = Release|Any CPU
		{3F050248-20A0-461E-80F1-E5FB186DE0C9}.Release|Any CPU.Build.0 = Release|Any CPU
		{8FE887B9-92DD-4F0C-A9D1-098119704591}.Debug|Any CPU.ActiveCfg = Debug|Any CPU
		{8FE887B9-92DD-4F0C-A9D1-098119704591}.Debug|Any CPU.Build.0 = Debug|Any CPU
		{8FE887B9-92DD-4F0C-A9D1-098119704591}.Release|Any CPU.ActiveCfg = Release|Any CPU
		{8FE887B9-92DD-4F0C-A9D1-098119704591}.Release|Any CPU.Build.0 = Release|Any CPU
		{84A4454D-B5D9-47E3-A373-6AE80A085FEB}.Debug|Any CPU.ActiveCfg = Debug|Any CPU
		{84A4454D-B5D9-47E3-A373-6AE80A085FEB}.Debug|Any CPU.Build.0 = Debug|Any CPU
		{84A4454D-B5D9-47E3-A373-6AE80A085FEB}.Release|Any CPU.ActiveCfg = Release|Any CPU
		{84A4454D-B5D9-47E3-A373-6AE80A085FEB}.Release|Any CPU.Build.0 = Release|Any CPU
		{38D603CB-4AA0-4E6C-8517-966B67F58566}.Debug|Any CPU.ActiveCfg = Debug|Any CPU
		{38D603CB-4AA0-4E6C-8517-966B67F58566}.Debug|Any CPU.Build.0 = Debug|Any CPU
		{38D603CB-4AA0-4E6C-8517-966B67F58566}.Release|Any CPU.ActiveCfg = Release|Any CPU
		{38D603CB-4AA0-4E6C-8517-966B67F58566}.Release|Any CPU.Build.0 = Release|Any CPU
		{9C29601D-CF3D-4850-9349-BD975FE99667}.Debug|Any CPU.ActiveCfg = Debug|Any CPU
		{9C29601D-CF3D-4850-9349-BD975FE99667}.Debug|Any CPU.Build.0 = Debug|Any CPU
		{9C29601D-CF3D-4850-9349-BD975FE99667}.Release|Any CPU.ActiveCfg = Release|Any CPU
		{9C29601D-CF3D-4850-9349-BD975FE99667}.Release|Any CPU.Build.0 = Release|Any CPU
		{7D1382E8-AA25-4868-928A-8623515D93BD}.Debug|Any CPU.ActiveCfg = Debug|Any CPU
		{7D1382E8-AA25-4868-928A-8623515D93BD}.Debug|Any CPU.Build.0 = Debug|Any CPU
		{7D1382E8-AA25-4868-928A-8623515D93BD}.Release|Any CPU.ActiveCfg = Release|Any CPU
		{7D1382E8-AA25-4868-928A-8623515D93BD}.Release|Any CPU.Build.0 = Release|Any CPU
	EndGlobalSection
	GlobalSection(SolutionProperties) = preSolution
		HideSolutionNode = FALSE
	EndGlobalSection
	GlobalSection(NestedProjects) = preSolution
		{CACC852B-E3CC-4663-99D3-2E5A19D04F45} = {2D6B372D-4BBE-456D-B399-D07957698056}
		{12D2B3B2-9C30-4008-B796-830E969219BE} = {2D6B372D-4BBE-456D-B399-D07957698056}
	EndGlobalSection
	GlobalSection(ExtensibilityGlobals) = postSolution
		SolutionGuid = {DCBF53F7-BA38-49D4-A679-3424CC0A4664}
	EndGlobalSection
EndGlobal
